// !$*UTF8*$!
{
	archiveVersion = 1;
	classes = {
	};
	objectVersion = 46;
	objects = {

/* Begin PBXBuildFile section */
		940056BE1ECB040800AAAED4 /* libz.tbd in Frameworks */ = {isa = PBXBuildFile; fileRef = 940056BD1ECB040700AAAED4 /* libz.tbd */; };
		940056C01ECB041000AAAED4 /* SystemConfiguration.framework in Frameworks */ = {isa = PBXBuildFile; fileRef = 940056BF1ECB041000AAAED4 /* SystemConfiguration.framework */; };
		940056C21ECB041800AAAED4 /* QuartzCore.framework in Frameworks */ = {isa = PBXBuildFile; fileRef = 940056C11ECB041800AAAED4 /* QuartzCore.framework */; };
		940056C41ECB042600AAAED4 /* CoreGraphics.framework in Frameworks */ = {isa = PBXBuildFile; fileRef = 940056C31ECB042600AAAED4 /* CoreGraphics.framework */; };
		940056C61ECB042E00AAAED4 /* Security.framework in Frameworks */ = {isa = PBXBuildFile; fileRef = 940056C51ECB042E00AAAED4 /* Security.framework */; };
		947E74301ECAF21000723A0D /* main.m in Sources */ = {isa = PBXBuildFile; fileRef = 947E742F1ECAF21000723A0D /* main.m */; };
		947E74331ECAF21000723A0D /* AppDelegate.m in Sources */ = {isa = PBXBuildFile; fileRef = 947E74321ECAF21000723A0D /* AppDelegate.m */; };
		947E74361ECAF21000723A0D /* ViewController.m in Sources */ = {isa = PBXBuildFile; fileRef = 947E74351ECAF21000723A0D /* ViewController.m */; };
		947E74391ECAF21000723A0D /* Main.storyboard in Resources */ = {isa = PBXBuildFile; fileRef = 947E74371ECAF21000723A0D /* Main.storyboard */; };
		947E743B1ECAF21000723A0D /* Assets.xcassets in Resources */ = {isa = PBXBuildFile; fileRef = 947E743A1ECAF21000723A0D /* Assets.xcassets */; };
		947E743E1ECAF21000723A0D /* LaunchScreen.storyboard in Resources */ = {isa = PBXBuildFile; fileRef = 947E743C1ECAF21000723A0D /* LaunchScreen.storyboard */; };
		947E74491ECAF21000723A0D /* My2C2PSDKTests.m in Sources */ = {isa = PBXBuildFile; fileRef = 947E74481ECAF21000723A0D /* My2C2PSDKTests.m */; };
		947E74541ECAF21000723A0D /* My2C2PSDKUITests.m in Sources */ = {isa = PBXBuildFile; fileRef = 947E74531ECAF21000723A0D /* My2C2PSDKUITests.m */; };
		94BE6A991ED6E1F3007DDB6C /* My2c2pResources.bundle in Resources */ = {isa = PBXBuildFile; fileRef = 94BE6A971ED6E1F3007DDB6C /* My2c2pResources.bundle */; };
		94BE6A9A1ED6E1F3007DDB6C /* My2c2pSDK.framework in Frameworks */ = {isa = PBXBuildFile; fileRef = 94BE6A981ED6E1F3007DDB6C /* My2c2pSDK.framework */; };
/* End PBXBuildFile section */

/* Begin PBXContainerItemProxy section */
		947E74451ECAF21000723A0D /* PBXContainerItemProxy */ = {
			isa = PBXContainerItemProxy;
			containerPortal = 947E74231ECAF20F00723A0D /* Project object */;
			proxyType = 1;
			remoteGlobalIDString = 947E742A1ECAF21000723A0D;
			remoteInfo = My2C2PSDK;
		};
		947E74501ECAF21000723A0D /* PBXContainerItemProxy */ = {
			isa = PBXContainerItemProxy;
			containerPortal = 947E74231ECAF20F00723A0D /* Project object */;
			proxyType = 1;
			remoteGlobalIDString = 947E742A1ECAF21000723A0D;
			remoteInfo = My2C2PSDK;
		};
/* End PBXContainerItemProxy section */

/* Begin PBXFileReference section */
		940056BD1ECB040700AAAED4 /* libz.tbd */ = {isa = PBXFileReference; lastKnownFileType = "sourcecode.text-based-dylib-definition"; name = libz.tbd; path = usr/lib/libz.tbd; sourceTree = SDKROOT; };
		940056BF1ECB041000AAAED4 /* SystemConfiguration.framework */ = {isa = PBXFileReference; lastKnownFileType = wrapper.framework; name = SystemConfiguration.framework; path = System/Library/Frameworks/SystemConfiguration.framework; sourceTree = SDKROOT; };
		940056C11ECB041800AAAED4 /* QuartzCore.framework */ = {isa = PBXFileReference; lastKnownFileType = wrapper.framework; name = QuartzCore.framework; path = System/Library/Frameworks/QuartzCore.framework; sourceTree = SDKROOT; };
		940056C31ECB042600AAAED4 /* CoreGraphics.framework */ = {isa = PBXFileReference; lastKnownFileType = wrapper.framework; name = CoreGraphics.framework; path = System/Library/Frameworks/CoreGraphics.framework; sourceTree = SDKROOT; };
		940056C51ECB042E00AAAED4 /* Security.framework */ = {isa = PBXFileReference; lastKnownFileType = wrapper.framework; name = Security.framework; path = System/Library/Frameworks/Security.framework; sourceTree = SDKROOT; };
		94188CE71ECF04D80012367A /* README.md */ = {isa = PBXFileReference; lastKnownFileType = net.daringfireball.markdown; path = README.md; sourceTree = "<group>"; };
		9476F97D1ECB060000F3A46F /* PrefixHeader.pch */ = {isa = PBXFileReference; lastKnownFileType = sourcecode.c.h; path = PrefixHeader.pch; sourceTree = "<group>"; };
		947E742B1ECAF21000723A0D /* My2c2pSDK.app */ = {isa = PBXFileReference; explicitFileType = wrapper.application; includeInIndex = 0; path = My2c2pSDK.app; sourceTree = BUILT_PRODUCTS_DIR; };
		947E742F1ECAF21000723A0D /* main.m */ = {isa = PBXFileReference; lastKnownFileType = sourcecode.c.objc; path = main.m; sourceTree = "<group>"; };
		947E74311ECAF21000723A0D /* AppDelegate.h */ = {isa = PBXFileReference; lastKnownFileType = sourcecode.c.h; path = AppDelegate.h; sourceTree = "<group>"; };
		947E74321ECAF21000723A0D /* AppDelegate.m */ = {isa = PBXFileReference; lastKnownFileType = sourcecode.c.objc; path = AppDelegate.m; sourceTree = "<group>"; };
		947E74341ECAF21000723A0D /* ViewController.h */ = {isa = PBXFileReference; lastKnownFileType = sourcecode.c.h; path = ViewController.h; sourceTree = "<group>"; };
		947E74351ECAF21000723A0D /* ViewController.m */ = {isa = PBXFileReference; lastKnownFileType = sourcecode.c.objc; path = ViewController.m; sourceTree = "<group>"; };
		947E74381ECAF21000723A0D /* Base */ = {isa = PBXFileReference; lastKnownFileType = file.storyboard; name = Base; path = Base.lproj/Main.storyboard; sourceTree = "<group>"; };
		947E743A1ECAF21000723A0D /* Assets.xcassets */ = {isa = PBXFileReference; lastKnownFileType = folder.assetcatalog; path = Assets.xcassets; sourceTree = "<group>"; };
		947E743D1ECAF21000723A0D /* Base */ = {isa = PBXFileReference; lastKnownFileType = file.storyboard; name = Base; path = Base.lproj/LaunchScreen.storyboard; sourceTree = "<group>"; };
		947E743F1ECAF21000723A0D /* Info.plist */ = {isa = PBXFileReference; lastKnownFileType = text.plist.xml; path = Info.plist; sourceTree = "<group>"; };
		947E74441ECAF21000723A0D /* My2c2pSDKTests.xctest */ = {isa = PBXFileReference; explicitFileType = wrapper.cfbundle; includeInIndex = 0; path = My2c2pSDKTests.xctest; sourceTree = BUILT_PRODUCTS_DIR; };
		947E74481ECAF21000723A0D /* My2C2PSDKTests.m */ = {isa = PBXFileReference; lastKnownFileType = sourcecode.c.objc; path = My2C2PSDKTests.m; sourceTree = "<group>"; };
		947E744A1ECAF21000723A0D /* Info.plist */ = {isa = PBXFileReference; lastKnownFileType = text.plist.xml; path = Info.plist; sourceTree = "<group>"; };
		947E744F1ECAF21000723A0D /* My2c2pSDKUITests.xctest */ = {isa = PBXFileReference; explicitFileType = wrapper.cfbundle; includeInIndex = 0; path = My2c2pSDKUITests.xctest; sourceTree = BUILT_PRODUCTS_DIR; };
		947E74531ECAF21000723A0D /* My2C2PSDKUITests.m */ = {isa = PBXFileReference; lastKnownFileType = sourcecode.c.objc; path = My2C2PSDKUITests.m; sourceTree = "<group>"; };
		947E74551ECAF21000723A0D /* Info.plist */ = {isa = PBXFileReference; lastKnownFileType = text.plist.xml; path = Info.plist; sourceTree = "<group>"; };
		94BE6A971ED6E1F3007DDB6C /* My2c2pResources.bundle */ = {isa = PBXFileReference; lastKnownFileType = "wrapper.plug-in"; path = My2c2pResources.bundle; sourceTree = "<group>"; };
		94BE6A981ED6E1F3007DDB6C /* My2c2pSDK.framework */ = {isa = PBXFileReference; lastKnownFileType = wrapper.framework; path = My2c2pSDK.framework; sourceTree = "<group>"; };
/* End PBXFileReference section */

/* Begin PBXFrameworksBuildPhase section */
		947E74281ECAF21000723A0D /* Frameworks */ = {
			isa = PBXFrameworksBuildPhase;
			buildActionMask = 2147483647;
			files = (
				940056C61ECB042E00AAAED4 /* Security.framework in Frameworks */,
				940056C41ECB042600AAAED4 /* CoreGraphics.framework in Frameworks */,
				94BE6A9A1ED6E1F3007DDB6C /* My2c2pSDK.framework in Frameworks */,
				940056C21ECB041800AAAED4 /* QuartzCore.framework in Frameworks */,
				940056C01ECB041000AAAED4 /* SystemConfiguration.framework in Frameworks */,
				940056BE1ECB040800AAAED4 /* libz.tbd in Frameworks */,
			);
			runOnlyForDeploymentPostprocessing = 0;
		};
		947E74411ECAF21000723A0D /* Frameworks */ = {
			isa = PBXFrameworksBuildPhase;
			buildActionMask = 2147483647;
			files = (
			);
			runOnlyForDeploymentPostprocessing = 0;
		};
		947E744C1ECAF21000723A0D /* Frameworks */ = {
			isa = PBXFrameworksBuildPhase;
			buildActionMask = 2147483647;
			files = (
			);
			runOnlyForDeploymentPostprocessing = 0;
		};
/* End PBXFrameworksBuildPhase section */

/* Begin PBXGroup section */
		940056BC1ECB040700AAAED4 /* Frameworks */ = {
			isa = PBXGroup;
			children = (
				940056C51ECB042E00AAAED4 /* Security.framework */,
				940056C31ECB042600AAAED4 /* CoreGraphics.framework */,
				940056C11ECB041800AAAED4 /* QuartzCore.framework */,
				940056BF1ECB041000AAAED4 /* SystemConfiguration.framework */,
				940056BD1ECB040700AAAED4 /* libz.tbd */,
			);
			name = Frameworks;
			sourceTree = "<group>";
		};
		947E74221ECAF20F00723A0D = {
			isa = PBXGroup;
			children = (
				94188CE71ECF04D80012367A /* README.md */,
				947E742D1ECAF21000723A0D /* My2c2pSDK */,
				947E74471ECAF21000723A0D /* My2c2pSDKTests */,
				947E74521ECAF21000723A0D /* My2c2pSDKUITests */,
				947E742C1ECAF21000723A0D /* Products */,
				940056BC1ECB040700AAAED4 /* Frameworks */,
			);
			sourceTree = "<group>";
		};
		947E742C1ECAF21000723A0D /* Products */ = {
			isa = PBXGroup;
			children = (
				947E742B1ECAF21000723A0D /* My2c2pSDK.app */,
				947E74441ECAF21000723A0D /* My2c2pSDKTests.xctest */,
				947E744F1ECAF21000723A0D /* My2c2pSDKUITests.xctest */,
			);
			name = Products;
			sourceTree = "<group>";
		};
		947E742D1ECAF21000723A0D /* My2c2pSDK */ = {
			isa = PBXGroup;
			children = (
				94FDD8591ECD3D6C00EEED98 /* My2c2pSDK */,
				947E74311ECAF21000723A0D /* AppDelegate.h */,
				947E74321ECAF21000723A0D /* AppDelegate.m */,
				947E74341ECAF21000723A0D /* ViewController.h */,
				947E74351ECAF21000723A0D /* ViewController.m */,
				947E74371ECAF21000723A0D /* Main.storyboard */,
				947E743A1ECAF21000723A0D /* Assets.xcassets */,
				947E743C1ECAF21000723A0D /* LaunchScreen.storyboard */,
				947E743F1ECAF21000723A0D /* Info.plist */,
				947E742E1ECAF21000723A0D /* Supporting Files */,
				9476F97D1ECB060000F3A46F /* PrefixHeader.pch */,
			);
			name = My2c2pSDK;
			path = My2C2PSDK;
			sourceTree = "<group>";
		};
		947E742E1ECAF21000723A0D /* Supporting Files */ = {
			isa = PBXGroup;
			children = (
				947E742F1ECAF21000723A0D /* main.m */,
			);
			name = "Supporting Files";
			sourceTree = "<group>";
		};
		947E74471ECAF21000723A0D /* My2c2pSDKTests */ = {
			isa = PBXGroup;
			children = (
				947E74481ECAF21000723A0D /* My2C2PSDKTests.m */,
				947E744A1ECAF21000723A0D /* Info.plist */,
			);
			name = My2c2pSDKTests;
			path = My2C2PSDKTests;
			sourceTree = "<group>";
		};
		947E74521ECAF21000723A0D /* My2c2pSDKUITests */ = {
			isa = PBXGroup;
			children = (
				947E74531ECAF21000723A0D /* My2C2PSDKUITests.m */,
				947E74551ECAF21000723A0D /* Info.plist */,
			);
			name = My2c2pSDKUITests;
			path = My2C2PSDKUITests;
			sourceTree = "<group>";
		};
		94FDD8591ECD3D6C00EEED98 /* My2c2pSDK */ = {
			isa = PBXGroup;
			children = (
				94BE6A971ED6E1F3007DDB6C /* My2c2pResources.bundle */,
				94BE6A981ED6E1F3007DDB6C /* My2c2pSDK.framework */,
			);
			path = My2c2pSDK;
			sourceTree = "<group>";
		};
/* End PBXGroup section */

/* Begin PBXNativeTarget section */
		947E742A1ECAF21000723A0D /* My2c2pSDK */ = {
			isa = PBXNativeTarget;
			buildConfigurationList = 947E74581ECAF21000723A0D /* Build configuration list for PBXNativeTarget "My2c2pSDK" */;
			buildPhases = (
				947E74271ECAF21000723A0D /* Sources */,
				947E74281ECAF21000723A0D /* Frameworks */,
				947E74291ECAF21000723A0D /* Resources */,
			);
			buildRules = (
			);
			dependencies = (
			);
			name = My2c2pSDK;
			productName = My2C2PSDK;
			productReference = 947E742B1ECAF21000723A0D /* My2c2pSDK.app */;
			productType = "com.apple.product-type.application";
		};
		947E74431ECAF21000723A0D /* My2c2pSDKTests */ = {
			isa = PBXNativeTarget;
			buildConfigurationList = 947E745B1ECAF21000723A0D /* Build configuration list for PBXNativeTarget "My2c2pSDKTests" */;
			buildPhases = (
				947E74401ECAF21000723A0D /* Sources */,
				947E74411ECAF21000723A0D /* Frameworks */,
				947E74421ECAF21000723A0D /* Resources */,
			);
			buildRules = (
			);
			dependencies = (
				947E74461ECAF21000723A0D /* PBXTargetDependency */,
			);
			name = My2c2pSDKTests;
			productName = My2C2PSDKTests;
			productReference = 947E74441ECAF21000723A0D /* My2c2pSDKTests.xctest */;
			productType = "com.apple.product-type.bundle.unit-test";
		};
		947E744E1ECAF21000723A0D /* My2c2pSDKUITests */ = {
			isa = PBXNativeTarget;
			buildConfigurationList = 947E745E1ECAF21000723A0D /* Build configuration list for PBXNativeTarget "My2c2pSDKUITests" */;
			buildPhases = (
				947E744B1ECAF21000723A0D /* Sources */,
				947E744C1ECAF21000723A0D /* Frameworks */,
				947E744D1ECAF21000723A0D /* Resources */,
			);
			buildRules = (
			);
			dependencies = (
				947E74511ECAF21000723A0D /* PBXTargetDependency */,
			);
			name = My2c2pSDKUITests;
			productName = My2C2PSDKUITests;
			productReference = 947E744F1ECAF21000723A0D /* My2c2pSDKUITests.xctest */;
			productType = "com.apple.product-type.bundle.ui-testing";
		};
/* End PBXNativeTarget section */

/* Begin PBXProject section */
		947E74231ECAF20F00723A0D /* Project object */ = {
			isa = PBXProject;
			attributes = {
				LastUpgradeCheck = 0830;
				ORGANIZATIONNAME = 2C2P;
				TargetAttributes = {
					947E742A1ECAF21000723A0D = {
						CreatedOnToolsVersion = 8.3.2;
						DevelopmentTeam = ES8PE79542;
						ProvisioningStyle = Automatic;
					};
					947E74431ECAF21000723A0D = {
						CreatedOnToolsVersion = 8.3.2;
						DevelopmentTeam = ES8PE79542;
						ProvisioningStyle = Automatic;
						TestTargetID = 947E742A1ECAF21000723A0D;
					};
					947E744E1ECAF21000723A0D = {
						CreatedOnToolsVersion = 8.3.2;
						DevelopmentTeam = ES8PE79542;
						ProvisioningStyle = Automatic;
						TestTargetID = 947E742A1ECAF21000723A0D;
					};
				};
			};
			buildConfigurationList = 947E74261ECAF20F00723A0D /* Build configuration list for PBXProject "My2c2pSDK" */;
			compatibilityVersion = "Xcode 3.2";
			developmentRegion = English;
			hasScannedForEncodings = 0;
			knownRegions = (
				en,
				Base,
			);
			mainGroup = 947E74221ECAF20F00723A0D;
			productRefGroup = 947E742C1ECAF21000723A0D /* Products */;
			projectDirPath = "";
			projectRoot = "";
			targets = (
				947E742A1ECAF21000723A0D /* My2c2pSDK */,
				947E74431ECAF21000723A0D /* My2c2pSDKTests */,
				947E744E1ECAF21000723A0D /* My2c2pSDKUITests */,
			);
		};
/* End PBXProject section */

/* Begin PBXResourcesBuildPhase section */
		947E74291ECAF21000723A0D /* Resources */ = {
			isa = PBXResourcesBuildPhase;
			buildActionMask = 2147483647;
			files = (
				947E743E1ECAF21000723A0D /* LaunchScreen.storyboard in Resources */,
				947E743B1ECAF21000723A0D /* Assets.xcassets in Resources */,
				94BE6A991ED6E1F3007DDB6C /* My2c2pResources.bundle in Resources */,
				947E74391ECAF21000723A0D /* Main.storyboard in Resources */,
			);
			runOnlyForDeploymentPostprocessing = 0;
		};
		947E74421ECAF21000723A0D /* Resources */ = {
			isa = PBXResourcesBuildPhase;
			buildActionMask = 2147483647;
			files = (
			);
			runOnlyForDeploymentPostprocessing = 0;
		};
		947E744D1ECAF21000723A0D /* Resources */ = {
			isa = PBXResourcesBuildPhase;
			buildActionMask = 2147483647;
			files = (
			);
			runOnlyForDeploymentPostprocessing = 0;
		};
/* End PBXResourcesBuildPhase section */

/* Begin PBXSourcesBuildPhase section */
		947E74271ECAF21000723A0D /* Sources */ = {
			isa = PBXSourcesBuildPhase;
			buildActionMask = 2147483647;
			files = (
				947E74361ECAF21000723A0D /* ViewController.m in Sources */,
				947E74331ECAF21000723A0D /* AppDelegate.m in Sources */,
				947E74301ECAF21000723A0D /* main.m in Sources */,
			);
			runOnlyForDeploymentPostprocessing = 0;
		};
		947E74401ECAF21000723A0D /* Sources */ = {
			isa = PBXSourcesBuildPhase;
			buildActionMask = 2147483647;
			files = (
				947E74491ECAF21000723A0D /* My2C2PSDKTests.m in Sources */,
			);
			runOnlyForDeploymentPostprocessing = 0;
		};
		947E744B1ECAF21000723A0D /* Sources */ = {
			isa = PBXSourcesBuildPhase;
			buildActionMask = 2147483647;
			files = (
				947E74541ECAF21000723A0D /* My2C2PSDKUITests.m in Sources */,
			);
			runOnlyForDeploymentPostprocessing = 0;
		};
/* End PBXSourcesBuildPhase section */

/* Begin PBXTargetDependency section */
		947E74461ECAF21000723A0D /* PBXTargetDependency */ = {
			isa = PBXTargetDependency;
			target = 947E742A1ECAF21000723A0D /* My2c2pSDK */;
			targetProxy = 947E74451ECAF21000723A0D /* PBXContainerItemProxy */;
		};
		947E74511ECAF21000723A0D /* PBXTargetDependency */ = {
			isa = PBXTargetDependency;
			target = 947E742A1ECAF21000723A0D /* My2c2pSDK */;
			targetProxy = 947E74501ECAF21000723A0D /* PBXContainerItemProxy */;
		};
/* End PBXTargetDependency section */

/* Begin PBXVariantGroup section */
		947E74371ECAF21000723A0D /* Main.storyboard */ = {
			isa = PBXVariantGroup;
			children = (
				947E74381ECAF21000723A0D /* Base */,
			);
			name = Main.storyboard;
			sourceTree = "<group>";
		};
		947E743C1ECAF21000723A0D /* LaunchScreen.storyboard */ = {
			isa = PBXVariantGroup;
			children = (
				947E743D1ECAF21000723A0D /* Base */,
			);
			name = LaunchScreen.storyboard;
			sourceTree = "<group>";
		};
/* End PBXVariantGroup section */

/* Begin XCBuildConfiguration section */
		947E74561ECAF21000723A0D /* Debug */ = {
			isa = XCBuildConfiguration;
			buildSettings = {
				ALWAYS_SEARCH_USER_PATHS = NO;
				CLANG_ANALYZER_NONNULL = YES;
				CLANG_ANALYZER_NUMBER_OBJECT_CONVERSION = YES_AGGRESSIVE;
				CLANG_CXX_LANGUAGE_STANDARD = "gnu++0x";
				CLANG_CXX_LIBRARY = "libc++";
				CLANG_ENABLE_MODULES = YES;
				CLANG_ENABLE_OBJC_ARC = YES;
				CLANG_WARN_BOOL_CONVERSION = YES;
				CLANG_WARN_CONSTANT_CONVERSION = YES;
				CLANG_WARN_DIRECT_OBJC_ISA_USAGE = YES_ERROR;
				CLANG_WARN_DOCUMENTATION_COMMENTS = YES;
				CLANG_WARN_EMPTY_BODY = YES;
				CLANG_WARN_ENUM_CONVERSION = YES;
				CLANG_WARN_INFINITE_RECURSION = YES;
				CLANG_WARN_INT_CONVERSION = YES;
				CLANG_WARN_OBJC_ROOT_CLASS = YES_ERROR;
				CLANG_WARN_SUSPICIOUS_MOVE = YES;
				CLANG_WARN_UNREACHABLE_CODE = YES;
				CLANG_WARN__DUPLICATE_METHOD_MATCH = YES;
				"CODE_SIGN_IDENTITY[sdk=iphoneos*]" = "iPhone Developer";
				COPY_PHASE_STRIP = NO;
				DEBUG_INFORMATION_FORMAT = dwarf;
				ENABLE_STRICT_OBJC_MSGSEND = YES;
				ENABLE_TESTABILITY = YES;
				GCC_C_LANGUAGE_STANDARD = gnu99;
				GCC_DYNAMIC_NO_PIC = NO;
				GCC_NO_COMMON_BLOCKS = YES;
				GCC_OPTIMIZATION_LEVEL = 0;
				GCC_PREPROCESSOR_DEFINITIONS = (
					"DEBUG=1",
					"$(inherited)",
				);
				GCC_WARN_64_TO_32_BIT_CONVERSION = YES;
				GCC_WARN_ABOUT_RETURN_TYPE = YES_ERROR;
				GCC_WARN_UNDECLARED_SELECTOR = YES;
				GCC_WARN_UNINITIALIZED_AUTOS = YES_AGGRESSIVE;
				GCC_WARN_UNUSED_FUNCTION = YES;
				GCC_WARN_UNUSED_VARIABLE = YES;
				IPHONEOS_DEPLOYMENT_TARGET = 10.3;
				MTL_ENABLE_DEBUG_INFO = YES;
				ONLY_ACTIVE_ARCH = YES;
				SDKROOT = iphoneos;
				TARGETED_DEVICE_FAMILY = "1,2";
			};
			name = Debug;
		};
		947E74571ECAF21000723A0D /* Release */ = {
			isa = XCBuildConfiguration;
			buildSettings = {
				ALWAYS_SEARCH_USER_PATHS = NO;
				CLANG_ANALYZER_NONNULL = YES;
				CLANG_ANALYZER_NUMBER_OBJECT_CONVERSION = YES_AGGRESSIVE;
				CLANG_CXX_LANGUAGE_STANDARD = "gnu++0x";
				CLANG_CXX_LIBRARY = "libc++";
				CLANG_ENABLE_MODULES = YES;
				CLANG_ENABLE_OBJC_ARC = YES;
				CLANG_WARN_BOOL_CONVERSION = YES;
				CLANG_WARN_CONSTANT_CONVERSION = YES;
				CLANG_WARN_DIRECT_OBJC_ISA_USAGE = YES_ERROR;
				CLANG_WARN_DOCUMENTATION_COMMENTS = YES;
				CLANG_WARN_EMPTY_BODY = YES;
				CLANG_WARN_ENUM_CONVERSION = YES;
				CLANG_WARN_INFINITE_RECURSION = YES;
				CLANG_WARN_INT_CONVERSION = YES;
				CLANG_WARN_OBJC_ROOT_CLASS = YES_ERROR;
				CLANG_WARN_SUSPICIOUS_MOVE = YES;
				CLANG_WARN_UNREACHABLE_CODE = YES;
				CLANG_WARN__DUPLICATE_METHOD_MATCH = YES;
				"CODE_SIGN_IDENTITY[sdk=iphoneos*]" = "iPhone Developer";
				COPY_PHASE_STRIP = NO;
				DEBUG_INFORMATION_FORMAT = "dwarf-with-dsym";
				ENABLE_NS_ASSERTIONS = NO;
				ENABLE_STRICT_OBJC_MSGSEND = YES;
				GCC_C_LANGUAGE_STANDARD = gnu99;
				GCC_NO_COMMON_BLOCKS = YES;
				GCC_WARN_64_TO_32_BIT_CONVERSION = YES;
				GCC_WARN_ABOUT_RETURN_TYPE = YES_ERROR;
				GCC_WARN_UNDECLARED_SELECTOR = YES;
				GCC_WARN_UNINITIALIZED_AUTOS = YES_AGGRESSIVE;
				GCC_WARN_UNUSED_FUNCTION = YES;
				GCC_WARN_UNUSED_VARIABLE = YES;
				IPHONEOS_DEPLOYMENT_TARGET = 10.3;
				MTL_ENABLE_DEBUG_INFO = NO;
				SDKROOT = iphoneos;
				TARGETED_DEVICE_FAMILY = "1,2";
				VALIDATE_PRODUCT = YES;
			};
			name = Release;
		};
		947E74591ECAF21000723A0D /* Debug */ = {
			isa = XCBuildConfiguration;
			buildSettings = {
				ASSETCATALOG_COMPILER_APPICON_NAME = AppIcon;
				"CODE_SIGN_IDENTITY[sdk=iphoneos*]" = "iPhone Developer";
				DEVELOPMENT_TEAM = ES8PE79542;
				FRAMEWORK_SEARCH_PATHS = (
					"$(inherited)",
					"$(PROJECT_DIR)/My2C2PSDK/My2c2pSDK",
				);
				INFOPLIST_FILE = My2C2PSDK/Info.plist;
				IPHONEOS_DEPLOYMENT_TARGET = 8.0;
				LD_RUNPATH_SEARCH_PATHS = "$(inherited) @executable_path/Frameworks";
				LIBRARY_SEARCH_PATHS = "$(inherited)";
				OTHER_LDFLAGS = (
					"-ObjC",
					"-lstdc++",
				);
				PRODUCT_BUNDLE_IDENTIFIER = com.2c2p.testMy2c2pSDK;
				PRODUCT_NAME = "$(TARGET_NAME)";
				PROVISIONING_PROFILE_SPECIFIER = "";
			};
			name = Debug;
		};
		947E745A1ECAF21000723A0D /* Release */ = {
			isa = XCBuildConfiguration;
			buildSettings = {
				ASSETCATALOG_COMPILER_APPICON_NAME = AppIcon;
				"CODE_SIGN_IDENTITY[sdk=iphoneos*]" = "iPhone Developer";
				DEVELOPMENT_TEAM = ES8PE79542;
				FRAMEWORK_SEARCH_PATHS = (
					"$(inherited)",
					"$(PROJECT_DIR)/My2C2PSDK/My2c2pSDK",
				);
				INFOPLIST_FILE = My2C2PSDK/Info.plist;
				IPHONEOS_DEPLOYMENT_TARGET = 8.0;
				LD_RUNPATH_SEARCH_PATHS = "$(inherited) @executable_path/Frameworks";
				LIBRARY_SEARCH_PATHS = "$(inherited)";
				OTHER_LDFLAGS = (
					"-ObjC",
					"-lstdc++",
				);
				PRODUCT_BUNDLE_IDENTIFIER = com.2c2p.testMy2c2pSDK;
				PRODUCT_NAME = "$(TARGET_NAME)";
				PROVISIONING_PROFILE_SPECIFIER = "";
			};
			name = Release;
		};
		947E745C1ECAF21000723A0D /* Debug */ = {
			isa = XCBuildConfiguration;
			buildSettings = {
				BUNDLE_LOADER = "$(TEST_HOST)";
				DEVELOPMENT_TEAM = ES8PE79542;
				INFOPLIST_FILE = My2C2PSDKTests/Info.plist;
				LD_RUNPATH_SEARCH_PATHS = "$(inherited) @executable_path/Frameworks @loader_path/Frameworks";
				PRODUCT_BUNDLE_IDENTIFIER = com.2c2p.My2C2PSDKTests;
				PRODUCT_NAME = "$(TARGET_NAME)";
				TEST_HOST = "$(BUILT_PRODUCTS_DIR)/My2c2pSDK.app/My2c2pSDK";
			};
			name = Debug;
		};
		947E745D1ECAF21000723A0D /* Release */ = {
			isa = XCBuildConfiguration;
			buildSettings = {
				BUNDLE_LOADER = "$(TEST_HOST)";
				DEVELOPMENT_TEAM = ES8PE79542;
				INFOPLIST_FILE = My2C2PSDKTests/Info.plist;
				LD_RUNPATH_SEARCH_PATHS = "$(inherited) @executable_path/Frameworks @loader_path/Frameworks";
				PRODUCT_BUNDLE_IDENTIFIER = com.2c2p.My2C2PSDKTests;
				PRODUCT_NAME = "$(TARGET_NAME)";
				TEST_HOST = "$(BUILT_PRODUCTS_DIR)/My2c2pSDK.app/My2c2pSDK";
			};
			name = Release;
		};
		947E745F1ECAF21000723A0D /* Debug */ = {
			isa = XCBuildConfiguration;
			buildSettings = {
				DEVELOPMENT_TEAM = ES8PE79542;
				INFOPLIST_FILE = My2C2PSDKUITests/Info.plist;
				LD_RUNPATH_SEARCH_PATHS = "$(inherited) @executable_path/Frameworks @loader_path/Frameworks";
				PRODUCT_BUNDLE_IDENTIFIER = com.2c2p.My2C2PSDKUITests;
				PRODUCT_NAME = "$(TARGET_NAME)";
				TEST_TARGET_NAME = My2C2PSDK;
			};
			name = Debug;
		};
		947E74601ECAF21000723A0D /* Release */ = {
			isa = XCBuildConfiguration;
			buildSettings = {
				DEVELOPMENT_TEAM = ES8PE79542;
				INFOPLIST_FILE = My2C2PSDKUITests/Info.plist;
				LD_RUNPATH_SEARCH_PATHS = "$(inherited) @executable_path/Frameworks @loader_path/Frameworks";
				PRODUCT_BUNDLE_IDENTIFIER = com.2c2p.My2C2PSDKUITests;
				PRODUCT_NAME = "$(TARGET_NAME)";
				TEST_TARGET_NAME = My2C2PSDK;
			};
			name = Release;
		};
/* End XCBuildConfiguration section */

/* Begin XCConfigurationList section */
		947E74261ECAF20F00723A0D /* Build configuration list for PBXProject "My2c2pSDK" */ = {
			isa = XCConfigurationList;
			buildConfigurations = (
				947E74561ECAF21000723A0D /* Debug */,
				947E74571ECAF21000723A0D /* Release */,
			);
			defaultConfigurationIsVisible = 0;
			defaultConfigurationName = Release;
		};
		947E74581ECAF21000723A0D /* Build configuration list for PBXNativeTarget "My2c2pSDK" */ = {
			isa = XCConfigurationList;
			buildConfigurations = (
				947E74591ECAF21000723A0D /* Debug */,
				947E745A1ECAF21000723A0D /* Release */,
			);
			defaultConfigurationIsVisible = 0;
			defaultConfigurationName = Release;
		};
		947E745B1ECAF21000723A0D /* Build configuration list for PBXNativeTarget "My2c2pSDKTests" */ = {
			isa = XCConfigurationList;
			buildConfigurations = (
				947E745C1ECAF21000723A0D /* Debug */,
				947E745D1ECAF21000723A0D /* Release */,
			);
			defaultConfigurationIsVisible = 0;
			defaultConfigurationName = Release;
		};
		947E745E1ECAF21000723A0D /* Build configuration list for PBXNativeTarget "My2c2pSDKUITests" */ = {
			isa = XCConfigurationList;
			buildConfigurations = (
				947E745F1ECAF21000723A0D /* Debug */,
				947E74601ECAF21000723A0D /* Release */,
			);
			defaultConfigurationIsVisible = 0;
			defaultConfigurationName = Release;
		};
/* End XCConfigurationList section */
	};
	rootObject = 947E74231ECAF20F00723A0D /* Project object */;
}
